
Microsoft Visual Studio Solution File, Format Version 11.00
# Visual Studio 2010
Project("{FAE04EC0-301F-11D3-BF4B-00C04F79EFBC}") = "KomAf", "Assembly-CSharp.csproj", "{5F6271FE-BA35-E1BC-3C54-2061A5E24112}"
EndProject
Project("{FAE04EC0-301F-11D3-BF4B-00C04F79EFBC}") = "KomAf", "Assembly-CSharp-Editor.csproj", "{A9056C59-C6E6-B047-4645-C62EE9FEC273}"
EndProject
Global
	GlobalSection(SolutionConfigurationPlatforms) = preSolution
		Debug|Any CPU = Debug|Any CPU
		Release|Any CPU = Release|Any CPU
	EndGlobalSection
	GlobalSection(ProjectConfigurationPlatforms) = postSolution
		{5F6271FE-BA35-E1BC-3C54-2061A5E24112}.Debug|Any CPU.ActiveCfg = Debug|Any CPU
		{5F6271FE-BA35-E1BC-3C54-2061A5E24112}.Debug|Any CPU.Build.0 = Debug|Any CPU
		{5F6271FE-BA35-E1BC-3C54-2061A5E24112}.Release|Any CPU.ActiveCfg = Release|Any CPU
		{5F6271FE-BA35-E1BC-3C54-2061A5E24112}.Release|Any CPU.Build.0 = Release|Any CPU
		{A9056C59-C6E6-B047-4645-C62EE9FEC273}.Debug|Any CPU.ActiveCfg = Debug|Any CPU
		{A9056C59-C6E6-B047-4645-C62EE9FEC273}.Debug|Any CPU.Build.0 = Debug|Any CPU
		{A9056C59-C6E6-B047-4645-C62EE9FEC273}.Release|Any CPU.ActiveCfg = Release|Any CPU
		{A9056C59-C6E6-B047-4645-C62EE9FEC273}.Release|Any CPU.Build.0 = Release|Any CPU
	EndGlobalSection
	GlobalSection(SolutionProperties) = preSolution
		HideSolutionNode = FALSE
	EndGlobalSection
	GlobalSection(MonoDevelopProperties) = preSolution
		StartupItem = Assembly-CSharp.csproj
	EndGlobalSection
EndGlobal
